// !$*UTF8*$!
{
	archiveVersion = 1;
	classes = {
	};
	objectVersion = 50;
	objects = {

/* Begin PBXBuildFile section */
		030F2A9C263F845900F53E3B /* AppDelegate.swift in Sources */ = {isa = PBXBuildFile; fileRef = 030F2A9B263F845900F53E3B /* AppDelegate.swift */; };
		030F2A9E263F845900F53E3B /* SceneDelegate.swift in Sources */ = {isa = PBXBuildFile; fileRef = 030F2A9D263F845900F53E3B /* SceneDelegate.swift */; };
		030F2AA3263F845900F53E3B /* Main.storyboard in Resources */ = {isa = PBXBuildFile; fileRef = 030F2AA1263F845900F53E3B /* Main.storyboard */; };
		030F2AA5263F845900F53E3B /* Assets.xcassets in Resources */ = {isa = PBXBuildFile; fileRef = 030F2AA4263F845900F53E3B /* Assets.xcassets */; };
		030F2AA8263F845900F53E3B /* LaunchScreen.storyboard in Resources */ = {isa = PBXBuildFile; fileRef = 030F2AA6263F845900F53E3B /* LaunchScreen.storyboard */; };
		030F2AB5263FAAB000F53E3B /* JourneyViewController.swift in Sources */ = {isa = PBXBuildFile; fileRef = 030F2AB4263FAAB000F53E3B /* JourneyViewController.swift */; };
		030F2AB8263FAAC800F53E3B /* ExplorerViewController.swift in Sources */ = {isa = PBXBuildFile; fileRef = 030F2AB7263FAAC800F53E3B /* ExplorerViewController.swift */; };
		0395905C263FB0C8001F1655 /* Explorer.storyboard in Resources */ = {isa = PBXBuildFile; fileRef = 0395905A263FB0C8001F1655 /* Explorer.storyboard */; };
		0395905F263FB126001F1655 /* Journey.storyboard in Resources */ = {isa = PBXBuildFile; fileRef = 0395905E263FB126001F1655 /* Journey.storyboard */; };
		0395906B263FC5CB001F1655 /* explorers.json in Resources */ = {isa = PBXBuildFile; fileRef = 0395906A263FC5CB001F1655 /* explorers.json */; };
		0395906E263FCFE0001F1655 /* Explorer.swift in Sources */ = {isa = PBXBuildFile; fileRef = 0395906D263FCFE0001F1655 /* Explorer.swift */; };
		03959073263FD810001F1655 /* ExplorerRepository.swift in Sources */ = {isa = PBXBuildFile; fileRef = 03959072263FD810001F1655 /* ExplorerRepository.swift */; };
		03CEA27A26429DD200EE86C1 /* ProfileViewController.swift in Sources */ = {isa = PBXBuildFile; fileRef = 03CEA27926429DD200EE86C1 /* ProfileViewController.swift */; };
		03CEA27D2642A85E00EE86C1 /* Journey.swift in Sources */ = {isa = PBXBuildFile; fileRef = 03CEA27C2642A85E00EE86C1 /* Journey.swift */; };
		03CEA2802642A8D600EE86C1 /* JourneyRepository.swift in Sources */ = {isa = PBXBuildFile; fileRef = 03CEA27F2642A8D600EE86C1 /* JourneyRepository.swift */; };
		03CEA2842642AAFF00EE86C1 /* JourneyTableViewCell.swift in Sources */ = {isa = PBXBuildFile; fileRef = 03CEA2822642AAFF00EE86C1 /* JourneyTableViewCell.swift */; };
		03CEA2852642AAFF00EE86C1 /* JourneyTableViewCell.xib in Resources */ = {isa = PBXBuildFile; fileRef = 03CEA2832642AAFF00EE86C1 /* JourneyTableViewCell.xib */; };
		03D79C592640DE13003D459E /* ExplorerCollectionViewCell.swift in Sources */ = {isa = PBXBuildFile; fileRef = 03D79C572640DE13003D459E /* ExplorerCollectionViewCell.swift */; };
		03D79C5A2640DE13003D459E /* ExplorerCollectionViewCell.xib in Resources */ = {isa = PBXBuildFile; fileRef = 03D79C582640DE13003D459E /* ExplorerCollectionViewCell.xib */; };
		03D79C602640EA9E003D459E /* Extension.swift in Sources */ = {isa = PBXBuildFile; fileRef = 03D79C5F2640EA9E003D459E /* Extension.swift */; };
		03D79C662640FBBE003D459E /* ExplorerDetailViewController.swift in Sources */ = {isa = PBXBuildFile; fileRef = 03D79C652640FBBE003D459E /* ExplorerDetailViewController.swift */; };
		03E1DC1626437D1700E795E0 /* JourneyDetailViewController.swift in Sources */ = {isa = PBXBuildFile; fileRef = 03E1DC1526437D1700E795E0 /* JourneyDetailViewController.swift */; };
		03E1DC1A26439BA000E795E0 /* AddJourneyViewController.swift in Sources */ = {isa = PBXBuildFile; fileRef = 03E1DC1926439BA000E795E0 /* AddJourneyViewController.swift */; };
/* End PBXBuildFile section */

/* Begin PBXFileReference section */
		030F2A98263F845900F53E3B /* Nano Challenge 2.app */ = {isa = PBXFileReference; explicitFileType = wrapper.application; includeInIndex = 0; path = "Nano Challenge 2.app"; sourceTree = BUILT_PRODUCTS_DIR; };
		030F2A9B263F845900F53E3B /* AppDelegate.swift */ = {isa = PBXFileReference; lastKnownFileType = sourcecode.swift; path = AppDelegate.swift; sourceTree = "<group>"; };
		030F2A9D263F845900F53E3B /* SceneDelegate.swift */ = {isa = PBXFileReference; lastKnownFileType = sourcecode.swift; path = SceneDelegate.swift; sourceTree = "<group>"; };
		030F2AA2263F845900F53E3B /* Base */ = {isa = PBXFileReference; lastKnownFileType = file.storyboard; name = Base; path = Base.lproj/Main.storyboard; sourceTree = "<group>"; };
		030F2AA4263F845900F53E3B /* Assets.xcassets */ = {isa = PBXFileReference; lastKnownFileType = folder.assetcatalog; path = Assets.xcassets; sourceTree = "<group>"; };
		030F2AA7263F845900F53E3B /* Base */ = {isa = PBXFileReference; lastKnownFileType = file.storyboard; name = Base; path = Base.lproj/LaunchScreen.storyboard; sourceTree = "<group>"; };
		030F2AA9263F845900F53E3B /* Info.plist */ = {isa = PBXFileReference; lastKnownFileType = text.plist.xml; path = Info.plist; sourceTree = "<group>"; };
		030F2AB4263FAAB000F53E3B /* JourneyViewController.swift */ = {isa = PBXFileReference; lastKnownFileType = sourcecode.swift; path = JourneyViewController.swift; sourceTree = "<group>"; };
		030F2AB7263FAAC800F53E3B /* ExplorerViewController.swift */ = {isa = PBXFileReference; lastKnownFileType = sourcecode.swift; path = ExplorerViewController.swift; sourceTree = "<group>"; };
		0395905B263FB0C8001F1655 /* Base */ = {isa = PBXFileReference; lastKnownFileType = file.storyboard; name = Base; path = "Nano Challenge 2/Base.lproj/Explorer.storyboard"; sourceTree = "<group>"; };
		0395905E263FB126001F1655 /* Journey.storyboard */ = {isa = PBXFileReference; fileEncoding = 4; lastKnownFileType = file.storyboard; path = Journey.storyboard; sourceTree = "<group>"; };
		0395906A263FC5CB001F1655 /* explorers.json */ = {isa = PBXFileReference; fileEncoding = 4; lastKnownFileType = text.json; path = explorers.json; sourceTree = "<group>"; };
		0395906D263FCFE0001F1655 /* Explorer.swift */ = {isa = PBXFileReference; lastKnownFileType = sourcecode.swift; path = Explorer.swift; sourceTree = "<group>"; };
		03959072263FD810001F1655 /* ExplorerRepository.swift */ = {isa = PBXFileReference; lastKnownFileType = sourcecode.swift; path = ExplorerRepository.swift; sourceTree = "<group>"; };
		03CEA27926429DD200EE86C1 /* ProfileViewController.swift */ = {isa = PBXFileReference; lastKnownFileType = sourcecode.swift; path = ProfileViewController.swift; sourceTree = "<group>"; };
		03CEA27C2642A85E00EE86C1 /* Journey.swift */ = {isa = PBXFileReference; lastKnownFileType = sourcecode.swift; path = Journey.swift; sourceTree = "<group>"; };
		03CEA27F2642A8D600EE86C1 /* JourneyRepository.swift */ = {isa = PBXFileReference; lastKnownFileType = sourcecode.swift; path = JourneyRepository.swift; sourceTree = "<group>"; };
		03CEA2822642AAFF00EE86C1 /* JourneyTableViewCell.swift */ = {isa = PBXFileReference; lastKnownFileType = sourcecode.swift; path = JourneyTableViewCell.swift; sourceTree = "<group>"; };
		03CEA2832642AAFF00EE86C1 /* JourneyTableViewCell.xib */ = {isa = PBXFileReference; lastKnownFileType = file.xib; path = JourneyTableViewCell.xib; sourceTree = "<group>"; };
		03D79C572640DE13003D459E /* ExplorerCollectionViewCell.swift */ = {isa = PBXFileReference; lastKnownFileType = sourcecode.swift; path = ExplorerCollectionViewCell.swift; sourceTree = "<group>"; };
		03D79C582640DE13003D459E /* ExplorerCollectionViewCell.xib */ = {isa = PBXFileReference; lastKnownFileType = file.xib; path = ExplorerCollectionViewCell.xib; sourceTree = "<group>"; };
		03D79C5F2640EA9E003D459E /* Extension.swift */ = {isa = PBXFileReference; lastKnownFileType = sourcecode.swift; path = Extension.swift; sourceTree = "<group>"; };
		03D79C652640FBBE003D459E /* ExplorerDetailViewController.swift */ = {isa = PBXFileReference; lastKnownFileType = sourcecode.swift; path = ExplorerDetailViewController.swift; sourceTree = "<group>"; };
		03E1DC1526437D1700E795E0 /* JourneyDetailViewController.swift */ = {isa = PBXFileReference; lastKnownFileType = sourcecode.swift; path = JourneyDetailViewController.swift; sourceTree = "<group>"; };
		03E1DC1926439BA000E795E0 /* AddJourneyViewController.swift */ = {isa = PBXFileReference; lastKnownFileType = sourcecode.swift; path = AddJourneyViewController.swift; sourceTree = "<group>"; };
/* End PBXFileReference section */

/* Begin PBXFrameworksBuildPhase section */
		030F2A95263F845900F53E3B /* Frameworks */ = {
			isa = PBXFrameworksBuildPhase;
			buildActionMask = 2147483647;
			files = (
			);
			runOnlyForDeploymentPostprocessing = 0;
		};
/* End PBXFrameworksBuildPhase section */

/* Begin PBXGroup section */
		030F2A8F263F845900F53E3B = {
			isa = PBXGroup;
			children = (
				030F2A9A263F845900F53E3B /* Nano Challenge 2 */,
				030F2A99263F845900F53E3B /* Products */,
			);
			sourceTree = "<group>";
		};
		030F2A99263F845900F53E3B /* Products */ = {
			isa = PBXGroup;
			children = (
				030F2A98263F845900F53E3B /* Nano Challenge 2.app */,
			);
			name = Products;
			sourceTree = "<group>";
		};
		030F2A9A263F845900F53E3B /* Nano Challenge 2 */ = {
			isa = PBXGroup;
			children = (
				03D79C5E2640EA80003D459E /* Extension */,
				03959076263FD94D001F1655 /* Data */,
				03959069263FC587001F1655 /* Model */,
				030F2AB2263F888F00F53E3B /* Controller */,
				030F2AB1263F887E00F53E3B /* View */,
				030F2A9B263F845900F53E3B /* AppDelegate.swift */,
				030F2A9D263F845900F53E3B /* SceneDelegate.swift */,
				030F2AA4263F845900F53E3B /* Assets.xcassets */,
				030F2AA6263F845900F53E3B /* LaunchScreen.storyboard */,
				030F2AA9263F845900F53E3B /* Info.plist */,
			);
			path = "Nano Challenge 2";
			sourceTree = "<group>";
		};
		030F2AB1263F887E00F53E3B /* View */ = {
			isa = PBXGroup;
			children = (
				030F2AA1263F845900F53E3B /* Main.storyboard */,
				0395905E263FB126001F1655 /* Journey.storyboard */,
				0395905A263FB0C8001F1655 /* Explorer.storyboard */,
				03D79C582640DE13003D459E /* ExplorerCollectionViewCell.xib */,
				03CEA2832642AAFF00EE86C1 /* JourneyTableViewCell.xib */,
			);
			path = View;
			sourceTree = "<group>";
		};
		030F2AB2263F888F00F53E3B /* Controller */ = {
			isa = PBXGroup;
			children = (
				03CEA2822642AAFF00EE86C1 /* JourneyTableViewCell.swift */,
				03D79C572640DE13003D459E /* ExplorerCollectionViewCell.swift */,
				030F2AB4263FAAB000F53E3B /* JourneyViewController.swift */,
				030F2AB7263FAAC800F53E3B /* ExplorerViewController.swift */,
				03D79C652640FBBE003D459E /* ExplorerDetailViewController.swift */,
				03CEA27926429DD200EE86C1 /* ProfileViewController.swift */,
				03E1DC1526437D1700E795E0 /* JourneyDetailViewController.swift */,
				03E1DC1926439BA000E795E0 /* AddJourneyViewController.swift */,
			);
			path = Controller;
			sourceTree = "<group>";
		};
		03959069263FC587001F1655 /* Model */ = {
			isa = PBXGroup;
			children = (
				0395906D263FCFE0001F1655 /* Explorer.swift */,
				03CEA27C2642A85E00EE86C1 /* Journey.swift */,
			);
			path = Model;
			sourceTree = "<group>";
		};
		03959076263FD94D001F1655 /* Data */ = {
			isa = PBXGroup;
			children = (
				03959072263FD810001F1655 /* ExplorerRepository.swift */,
				0395906A263FC5CB001F1655 /* explorers.json */,
				03CEA27F2642A8D600EE86C1 /* JourneyRepository.swift */,
			);
			path = Data;
			sourceTree = "<group>";
		};
		03D79C5E2640EA80003D459E /* Extension */ = {
			isa = PBXGroup;
			children = (
				03D79C5F2640EA9E003D459E /* Extension.swift */,
			);
			path = Extension;
			sourceTree = "<group>";
		};
/* End PBXGroup section */

/* Begin PBXNativeTarget section */
		030F2A97263F845900F53E3B /* Nano Challenge 2 */ = {
			isa = PBXNativeTarget;
			buildConfigurationList = 030F2AAC263F845900F53E3B /* Build configuration list for PBXNativeTarget "Nano Challenge 2" */;
			buildPhases = (
				030F2A94263F845900F53E3B /* Sources */,
				030F2A95263F845900F53E3B /* Frameworks */,
				030F2A96263F845900F53E3B /* Resources */,
			);
			buildRules = (
			);
			dependencies = (
			);
			name = "Nano Challenge 2";
			productName = "Nano Challenge 2";
			productReference = 030F2A98263F845900F53E3B /* Nano Challenge 2.app */;
			productType = "com.apple.product-type.application";
		};
/* End PBXNativeTarget section */

/* Begin PBXProject section */
		030F2A90263F845900F53E3B /* Project object */ = {
			isa = PBXProject;
			attributes = {
				LastSwiftUpdateCheck = 1240;
				LastUpgradeCheck = 1240;
				TargetAttributes = {
					030F2A97263F845900F53E3B = {
						CreatedOnToolsVersion = 12.4;
					};
				};
			};
			buildConfigurationList = 030F2A93263F845900F53E3B /* Build configuration list for PBXProject "Nano Challenge 2" */;
			compatibilityVersion = "Xcode 9.3";
			developmentRegion = en;
			hasScannedForEncodings = 0;
			knownRegions = (
				en,
				Base,
			);
			mainGroup = 030F2A8F263F845900F53E3B;
			productRefGroup = 030F2A99263F845900F53E3B /* Products */;
			projectDirPath = "";
			projectRoot = "";
			targets = (
				030F2A97263F845900F53E3B /* Nano Challenge 2 */,
			);
		};
/* End PBXProject section */

/* Begin PBXResourcesBuildPhase section */
		030F2A96263F845900F53E3B /* Resources */ = {
			isa = PBXResourcesBuildPhase;
			buildActionMask = 2147483647;
			files = (
				03CEA2852642AAFF00EE86C1 /* JourneyTableViewCell.xib in Resources */,
				0395906B263FC5CB001F1655 /* explorers.json in Resources */,
				03D79C5A2640DE13003D459E /* ExplorerCollectionViewCell.xib in Resources */,
				030F2AA8263F845900F53E3B /* LaunchScreen.storyboard in Resources */,
				030F2AA5263F845900F53E3B /* Assets.xcassets in Resources */,
				030F2AA3263F845900F53E3B /* Main.storyboard in Resources */,
				0395905F263FB126001F1655 /* Journey.storyboard in Resources */,
				0395905C263FB0C8001F1655 /* Explorer.storyboard in Resources */,
			);
			runOnlyForDeploymentPostprocessing = 0;
		};
/* End PBXResourcesBuildPhase section */

/* Begin PBXSourcesBuildPhase section */
		030F2A94263F845900F53E3B /* Sources */ = {
			isa = PBXSourcesBuildPhase;
			buildActionMask = 2147483647;
			files = (
				0395906E263FCFE0001F1655 /* Explorer.swift in Sources */,
				03CEA27D2642A85E00EE86C1 /* Journey.swift in Sources */,
				03959073263FD810001F1655 /* ExplorerRepository.swift in Sources */,
				03CEA2842642AAFF00EE86C1 /* JourneyTableViewCell.swift in Sources */,
				03E1DC1626437D1700E795E0 /* JourneyDetailViewController.swift in Sources */,
				03CEA27A26429DD200EE86C1 /* ProfileViewController.swift in Sources */,
				03D79C662640FBBE003D459E /* ExplorerDetailViewController.swift in Sources */,
				030F2AB5263FAAB000F53E3B /* JourneyViewController.swift in Sources */,
				03D79C592640DE13003D459E /* ExplorerCollectionViewCell.swift in Sources */,
				030F2A9C263F845900F53E3B /* AppDelegate.swift in Sources */,
				03D79C602640EA9E003D459E /* Extension.swift in Sources */,
				03E1DC1A26439BA000E795E0 /* AddJourneyViewController.swift in Sources */,
				030F2A9E263F845900F53E3B /* SceneDelegate.swift in Sources */,
				03CEA2802642A8D600EE86C1 /* JourneyRepository.swift in Sources */,
				030F2AB8263FAAC800F53E3B /* ExplorerViewController.swift in Sources */,
			);
			runOnlyForDeploymentPostprocessing = 0;
		};
/* End PBXSourcesBuildPhase section */

/* Begin PBXVariantGroup section */
		030F2AA1263F845900F53E3B /* Main.storyboard */ = {
			isa = PBXVariantGroup;
			children = (
				030F2AA2263F845900F53E3B /* Base */,
			);
			name = Main.storyboard;
			sourceTree = "<group>";
		};
		030F2AA6263F845900F53E3B /* LaunchScreen.storyboard */ = {
			isa = PBXVariantGroup;
			children = (
				030F2AA7263F845900F53E3B /* Base */,
			);
			name = LaunchScreen.storyboard;
			sourceTree = "<group>";
		};
		0395905A263FB0C8001F1655 /* Explorer.storyboard */ = {
			isa = PBXVariantGroup;
			children = (
				0395905B263FB0C8001F1655 /* Base */,
			);
			name = Explorer.storyboard;
			sourceTree = "<group>";
		};
/* End PBXVariantGroup section */

/* Begin XCBuildConfiguration section */
		030F2AAA263F845900F53E3B /* Debug */ = {
			isa = XCBuildConfiguration;
			buildSettings = {
				ALWAYS_SEARCH_USER_PATHS = NO;
				CLANG_ANALYZER_NONNULL = YES;
				CLANG_ANALYZER_NUMBER_OBJECT_CONVERSION = YES_AGGRESSIVE;
				CLANG_CXX_LANGUAGE_STANDARD = "gnu++14";
				CLANG_CXX_LIBRARY = "libc++";
				CLANG_ENABLE_MODULES = YES;
				CLANG_ENABLE_OBJC_ARC = YES;
				CLANG_ENABLE_OBJC_WEAK = YES;
				CLANG_WARN_BLOCK_CAPTURE_AUTORELEASING = YES;
				CLANG_WARN_BOOL_CONVERSION = YES;
				CLANG_WARN_COMMA = YES;
				CLANG_WARN_CONSTANT_CONVERSION = YES;
				CLANG_WARN_DEPRECATED_OBJC_IMPLEMENTATIONS = YES;
				CLANG_WARN_DIRECT_OBJC_ISA_USAGE = YES_ERROR;
				CLANG_WARN_DOCUMENTATION_COMMENTS = YES;
				CLANG_WARN_EMPTY_BODY = YES;
				CLANG_WARN_ENUM_CONVERSION = YES;
				CLANG_WARN_INFINITE_RECURSION = YES;
				CLANG_WARN_INT_CONVERSION = YES;
				CLANG_WARN_NON_LITERAL_NULL_CONVERSION = YES;
				CLANG_WARN_OBJC_IMPLICIT_RETAIN_SELF = YES;
				CLANG_WARN_OBJC_LITERAL_CONVERSION = YES;
				CLANG_WARN_OBJC_ROOT_CLASS = YES_ERROR;
				CLANG_WARN_QUOTED_INCLUDE_IN_FRAMEWORK_HEADER = YES;
				CLANG_WARN_RANGE_LOOP_ANALYSIS = YES;
				CLANG_WARN_STRICT_PROTOTYPES = YES;
				CLANG_WARN_SUSPICIOUS_MOVE = YES;
				CLANG_WARN_UNGUARDED_AVAILABILITY = YES_AGGRESSIVE;
				CLANG_WARN_UNREACHABLE_CODE = YES;
				CLANG_WARN__DUPLICATE_METHOD_MATCH = YES;
				COPY_PHASE_STRIP = NO;
				DEBUG_INFORMATION_FORMAT = dwarf;
				ENABLE_STRICT_OBJC_MSGSEND = YES;
				ENABLE_TESTABILITY = YES;
				GCC_C_LANGUAGE_STANDARD = gnu11;
				GCC_DYNAMIC_NO_PIC = NO;
				GCC_NO_COMMON_BLOCKS = YES;
				GCC_OPTIMIZATION_LEVEL = 0;
				GCC_PREPROCESSOR_DEFINITIONS = (
					"DEBUG=1",
					"$(inherited)",
				);
				GCC_WARN_64_TO_32_BIT_CONVERSION = YES;
				GCC_WARN_ABOUT_RETURN_TYPE = YES_ERROR;
				GCC_WARN_UNDECLARED_SELECTOR = YES;
				GCC_WARN_UNINITIALIZED_AUTOS = YES_AGGRESSIVE;
				GCC_WARN_UNUSED_FUNCTION = YES;
				GCC_WARN_UNUSED_VARIABLE = YES;
				IPHONEOS_DEPLOYMENT_TARGET = 14.4;
				MTL_ENABLE_DEBUG_INFO = INCLUDE_SOURCE;
				MTL_FAST_MATH = YES;
				ONLY_ACTIVE_ARCH = YES;
				SDKROOT = iphoneos;
				SWIFT_ACTIVE_COMPILATION_CONDITIONS = DEBUG;
				SWIFT_OPTIMIZATION_LEVEL = "-Onone";
			};
			name = Debug;
		};
		030F2AAB263F845900F53E3B /* Release */ = {
			isa = XCBuildConfiguration;
			buildSettings = {
				ALWAYS_SEARCH_USER_PATHS = NO;
				CLANG_ANALYZER_NONNULL = YES;
				CLANG_ANALYZER_NUMBER_OBJECT_CONVERSION = YES_AGGRESSIVE;
				CLANG_CXX_LANGUAGE_STANDARD = "gnu++14";
				CLANG_CXX_LIBRARY = "libc++";
				CLANG_ENABLE_MODULES = YES;
				CLANG_ENABLE_OBJC_ARC = YES;
				CLANG_ENABLE_OBJC_WEAK = YES;
				CLANG_WARN_BLOCK_CAPTURE_AUTORELEASING = YES;
				CLANG_WARN_BOOL_CONVERSION = YES;
				CLANG_WARN_COMMA = YES;
				CLANG_WARN_CONSTANT_CONVERSION = YES;
				CLANG_WARN_DEPRECATED_OBJC_IMPLEMENTATIONS = YES;
				CLANG_WARN_DIRECT_OBJC_ISA_USAGE = YES_ERROR;
				CLANG_WARN_DOCUMENTATION_COMMENTS = YES;
				CLANG_WARN_EMPTY_BODY = YES;
				CLANG_WARN_ENUM_CONVERSION = YES;
				CLANG_WARN_INFINITE_RECURSION = YES;
				CLANG_WARN_INT_CONVERSION = YES;
				CLANG_WARN_NON_LITERAL_NULL_CONVERSION = YES;
				CLANG_WARN_OBJC_IMPLICIT_RETAIN_SELF = YES;
				CLANG_WARN_OBJC_LITERAL_CONVERSION = YES;
				CLANG_WARN_OBJC_ROOT_CLASS = YES_ERROR;
				CLANG_WARN_QUOTED_INCLUDE_IN_FRAMEWORK_HEADER = YES;
				CLANG_WARN_RANGE_LOOP_ANALYSIS = YES;
				CLANG_WARN_STRICT_PROTOTYPES = YES;
				CLANG_WARN_SUSPICIOUS_MOVE = YES;
				CLANG_WARN_UNGUARDED_AVAILABILITY = YES_AGGRESSIVE;
				CLANG_WARN_UNREACHABLE_CODE = YES;
				CLANG_WARN__DUPLICATE_METHOD_MATCH = YES;
				COPY_PHASE_STRIP = NO;
				DEBUG_INFORMATION_FORMAT = "dwarf-with-dsym";
				ENABLE_NS_ASSERTIONS = NO;
				ENABLE_STRICT_OBJC_MSGSEND = YES;
				GCC_C_LANGUAGE_STANDARD = gnu11;
				GCC_NO_COMMON_BLOCKS = YES;
				GCC_WARN_64_TO_32_BIT_CONVERSION = YES;
				GCC_WARN_ABOUT_RETURN_TYPE = YES_ERROR;
				GCC_WARN_UNDECLARED_SELECTOR = YES;
				GCC_WARN_UNINITIALIZED_AUTOS = YES_AGGRESSIVE;
				GCC_WARN_UNUSED_FUNCTION = YES;
				GCC_WARN_UNUSED_VARIABLE = YES;
				IPHONEOS_DEPLOYMENT_TARGET = 14.4;
				MTL_ENABLE_DEBUG_INFO = NO;
				MTL_FAST_MATH = YES;
				SDKROOT = iphoneos;
				SWIFT_COMPILATION_MODE = wholemodule;
				SWIFT_OPTIMIZATION_LEVEL = "-O";
				VALIDATE_PRODUCT = YES;
			};
			name = Release;
		};
		030F2AAD263F845900F53E3B /* Debug */ = {
			isa = XCBuildConfiguration;
			buildSettings = {
				ASSETCATALOG_COMPILER_APPICON_NAME = AppIcon;
				ASSETCATALOG_COMPILER_GLOBAL_ACCENT_COLOR_NAME = AccentColor;
				CODE_SIGN_STYLE = Automatic;
				DEVELOPMENT_TEAM = 846H8ZXGL8;
				INFOPLIST_FILE = "Nano Challenge 2/Info.plist";
				LD_RUNPATH_SEARCH_PATHS = (
					"$(inherited)",
					"@executable_path/Frameworks",
				);
				PRODUCT_BUNDLE_IDENTIFIER = "com.galangaji.Nano-Challenge-2";
				PRODUCT_NAME = "$(TARGET_NAME)";
				SWIFT_VERSION = 5.0;
				TARGETED_DEVICE_FAMILY = "1,2";
			};
			name = Debug;
		};
		030F2AAE263F845900F53E3B /* Release */ = {
			isa = XCBuildConfiguration;
			buildSettings = {
				ASSETCATALOG_COMPILER_APPICON_NAME = AppIcon;
				ASSETCATALOG_COMPILER_GLOBAL_ACCENT_COLOR_NAME = AccentColor;
				CODE_SIGN_STYLE = Automatic;
				DEVELOPMENT_TEAM = 846H8ZXGL8;
				INFOPLIST_FILE = "Nano Challenge 2/Info.plist";
				LD_RUNPATH_SEARCH_PATHS = (
					"$(inherited)",
					"@executable_path/Frameworks",
				);
				PRODUCT_BUNDLE_IDENTIFIER = "com.galangaji.Nano-Challenge-2";
				PRODUCT_NAME = "$(TARGET_NAME)";
				SWIFT_VERSION = 5.0;
				TARGETED_DEVICE_FAMILY = "1,2";
			};
			name = Release;
		};
/* End XCBuildConfiguration section */

/* Begin XCConfigurationList section */
		030F2A93263F845900F53E3B /* Build configuration list for PBXProject "Nano Challenge 2" */ = {
			isa = XCConfigurationList;
			buildConfigurations = (
				030F2AAA263F845900F53E3B /* Debug */,
				030F2AAB263F845900F53E3B /* Release */,
			);
			defaultConfigurationIsVisible = 0;
			defaultConfigurationName = Release;
		};
		030F2AAC263F845900F53E3B /* Build configuration list for PBXNativeTarget "Nano Challenge 2" */ = {
			isa = XCConfigurationList;
			buildConfigurations = (
				030F2AAD263F845900F53E3B /* Debug */,
				030F2AAE263F845900F53E3B /* Release */,
			);
			defaultConfigurationIsVisible = 0;
			defaultConfigurationName = Release;
		};
/* End XCConfigurationList section */
	};
	rootObject = 030F2A90263F845900F53E3B /* Project object */;
}
